
Microsoft Visual Studio Solution File, Format Version 12.00
# Visual Studio Version 17
VisualStudioVersion = 17.5.33516.290
MinimumVisualStudioVersion = 10.0.40219.1
Project("{8BC9CEB8-8B4A-11D0-8D11-00A0C91BC942}") = "NoteBook", "NoteBook\NoteBook.vcxproj", "{338474C8-7100-3908-B821-6CEF00E4CB05}"
EndProject
Global
	GlobalSection(SolutionConfigurationPlatforms) = preSolution
		Debug|x64 = Debug|x64
		Release|x64 = Release|x64
	EndGlobalSection
	GlobalSection(ProjectConfigurationPlatforms) = postSolution
		{338474C8-7100-3908-B821-6CEF00E4CB05}.Debug|x64.ActiveCfg = Debug|x64
		{338474C8-7100-3908-B821-6CEF00E4CB05}.Debug|x64.Build.0 = Debug|x64
		{338474C8-7100-3908-B821-6CEF00E4CB05}.Release|x64.ActiveCfg = Release|x64
		{338474C8-7100-3908-B821-6CEF00E4CB05}.Release|x64.Build.0 = Release|x64
	EndGlobalSection
	GlobalSection(SolutionProperties) = preSolution
		HideSolutionNode = FALSE
	EndGlobalSection
	GlobalSection(ExtensibilityGlobals) = postSolution
		SolutionGuid = {6CFB03DD-CD41-4947-8ACE-F36EBF2A6E17}
	EndGlobalSection
EndGlobal
